
Microsoft Visual Studio Solution File, Format Version 12.00
# Visual Studio 15
VisualStudioVersion = 15.0.27703.2000
MinimumVisualStudioVersion = 10.0.40219.1
Project("{2150E333-8FDC-42A3-9474-1A3956D46DE8}") = "Microservices", "Microservices", "{11AB3AD2-8A73-49D0-BC78-3EC544330BC0}"
EndProject
Project("{9A19103F-16F7-4668-BE54-9A1E7A4F7556}") = "MazePage", "MazePage\MazePage.csproj", "{583EE793-967B-426C-8B20-74B347EAD431}"
EndProject
Project("{9A19103F-16F7-4668-BE54-9A1E7A4F7556}") = "Cast", "Cast\Cast.csproj", "{DF6BCDEC-1E9B-4159-902E-B449A1FB129B}"
EndProject
Project("{9A19103F-16F7-4668-BE54-9A1E7A4F7556}") = "Shows", "Shows\Shows.csproj", "{2485A3C0-28C4-4542-BFF7-7AEAE1BEC297}"
EndProject
Global
	GlobalSection(SolutionConfigurationPlatforms) = preSolution
		Debug|Any CPU = Debug|Any CPU
		Debug|x64 = Debug|x64
		Release|Any CPU = Release|Any CPU
		Release|x64 = Release|x64
	EndGlobalSection
	GlobalSection(ProjectConfigurationPlatforms) = postSolution
		{583EE793-967B-426C-8B20-74B347EAD431}.Debug|Any CPU.ActiveCfg = Debug|Any CPU
		{583EE793-967B-426C-8B20-74B347EAD431}.Debug|Any CPU.Build.0 = Debug|Any CPU
		{583EE793-967B-426C-8B20-74B347EAD431}.Debug|x64.ActiveCfg = Debug|Any CPU
		{583EE793-967B-426C-8B20-74B347EAD431}.Debug|x64.Build.0 = Debug|Any CPU
		{583EE793-967B-426C-8B20-74B347EAD431}.Release|Any CPU.ActiveCfg = Release|Any CPU
		{583EE793-967B-426C-8B20-74B347EAD431}.Release|Any CPU.Build.0 = Release|Any CPU
		{583EE793-967B-426C-8B20-74B347EAD431}.Release|x64.ActiveCfg = Release|x64
		{583EE793-967B-426C-8B20-74B347EAD431}.Release|x64.Build.0 = Release|x64
		{DF6BCDEC-1E9B-4159-902E-B449A1FB129B}.Debug|Any CPU.ActiveCfg = Debug|Any CPU
		{DF6BCDEC-1E9B-4159-902E-B449A1FB129B}.Debug|Any CPU.Build.0 = Debug|Any CPU
		{DF6BCDEC-1E9B-4159-902E-B449A1FB129B}.Debug|x64.ActiveCfg = Debug|x64
		{DF6BCDEC-1E9B-4159-902E-B449A1FB129B}.Debug|x64.Build.0 = Debug|x64
		{DF6BCDEC-1E9B-4159-902E-B449A1FB129B}.Release|Any CPU.ActiveCfg = Release|Any CPU
		{DF6BCDEC-1E9B-4159-902E-B449A1FB129B}.Release|Any CPU.Build.0 = Release|Any CPU
		{DF6BCDEC-1E9B-4159-902E-B449A1FB129B}.Release|x64.ActiveCfg = Release|x64
		{DF6BCDEC-1E9B-4159-902E-B449A1FB129B}.Release|x64.Build.0 = Release|x64
		{2485A3C0-28C4-4542-BFF7-7AEAE1BEC297}.Debug|Any CPU.ActiveCfg = Debug|Any CPU
		{2485A3C0-28C4-4542-BFF7-7AEAE1BEC297}.Debug|Any CPU.Build.0 = Debug|Any CPU
		{2485A3C0-28C4-4542-BFF7-7AEAE1BEC297}.Debug|x64.ActiveCfg = Debug|Any CPU
		{2485A3C0-28C4-4542-BFF7-7AEAE1BEC297}.Debug|x64.Build.0 = Debug|Any CPU
		{2485A3C0-28C4-4542-BFF7-7AEAE1BEC297}.Release|Any CPU.ActiveCfg = Release|Any CPU
		{2485A3C0-28C4-4542-BFF7-7AEAE1BEC297}.Release|Any CPU.Build.0 = Release|Any CPU
		{2485A3C0-28C4-4542-BFF7-7AEAE1BEC297}.Release|x64.ActiveCfg = Release|Any CPU
		{2485A3C0-28C4-4542-BFF7-7AEAE1BEC297}.Release|x64.Build.0 = Release|Any CPU
	EndGlobalSection
	GlobalSection(SolutionProperties) = preSolution
		HideSolutionNode = FALSE
	EndGlobalSection
	GlobalSection(NestedProjects) = preSolution
		{583EE793-967B-426C-8B20-74B347EAD431} = {11AB3AD2-8A73-49D0-BC78-3EC544330BC0}
		{DF6BCDEC-1E9B-4159-902E-B449A1FB129B} = {11AB3AD2-8A73-49D0-BC78-3EC544330BC0}
		{2485A3C0-28C4-4542-BFF7-7AEAE1BEC297} = {11AB3AD2-8A73-49D0-BC78-3EC544330BC0}
	EndGlobalSection
	GlobalSection(ExtensibilityGlobals) = postSolution
		SolutionGuid = {C1FA9116-16AA-496E-B5B1-940392E20C5A}
	EndGlobalSection
EndGlobal
